# This file was autogenerated by Stack.
# You should not edit this file by hand.
# For more information, please see the documentation at:
#   https://docs.haskellstack.org/en/stable/lock_files

packages:
- completed:
    hackage: gogol-0.5.0@sha256:01b38acf97ae0afb2465935fee1bebce03c1b84e629cf0887467be7ae361f0a7,3222
    pantry-tree:
      size: 1243
      sha256: ab472e169f12b97837cdfca2262b2d6fb569ae17876cbc10e97186944a401866
  original:
    hackage: gogol-0.5.0
- completed:
    hackage: gogol-core-0.5.0@sha256:c0a919cd89a33de7fd6ee925abdb48b0eb5d1002a016124acbdff568f267e4c7,2821
    pantry-tree:
      size: 686
      sha256: f3c803da46a2df6987b72098b3e7c6c2c0aeb141335d2a0d5630b210401bc2c8
  original:
    hackage: gogol-core-0.5.0
- completed:
    hackage: gogol-slides-0.5.0@sha256:67c0230634a12139692dedfa51fec161940404c286fe3b47c2c371c7db8060e2,1723
    pantry-tree:
      size: 1079
      sha256: e16a3f4d73bec4b6d5ed4e0a65ac748dc3f50d858edb0edf40141f74897a1ddc
  original:
    hackage: gogol-slides-0.5.0
snapshots:
- completed:
    size: 525663
    url: https://raw.githubusercontent.com/commercialhaskell/stackage-snapshots/master/lts/14/14.yaml
    sha256: 6edc48df46eb8bf7b861e98dd30d021a92c2e1820c9bb6528aac5d997b0e14ef
  original: lts-14.14
